{
  "nodes": {
    "flake-compat": {
      "flake": false,
      "locked": {
        "lastModified": 1627913399,
        "narHash": "sha256-hY8g6H2KFL8ownSiFeMOjwPC8P0ueXpCVEbxgda3pko=",
        "owner": "edolstra",
        "repo": "flake-compat",
        "rev": "12c64ca55c1014cdc1b16ed5a804aa8576601ff2",
        "type": "github"
      },
      "original": {
        "owner": "edolstra",
        "repo": "flake-compat",
        "type": "github"
      }
    },
    "flake-utils": {
      "locked": {
        "lastModified": 1629481132,
        "narHash": "sha256-JHgasjPR0/J1J3DRm4KxM4zTyAj4IOJY8vIl75v/kPI=",
        "owner": "numtide",
        "repo": "flake-utils",
        "rev": "997f7efcb746a9c140ce1f13c72263189225f482",
        "type": "github"
      },
      "original": {
        "owner": "numtide",
        "repo": "flake-utils",
        "type": "github"
      }
    },
    "mach-nix": {
      "inputs": {
        "flake-utils": [
          "flake-utils"
        ],
        "nixpkgs": [
          "nixpkgs"
        ],
        "pypi-deps-db": [
          "pypi-deps-db"
        ]
      },
      "locked": {
        "lastModified": 1629464241,
        "narHash": "sha256-DLAVO2fyj5VxDf/7FoBsXZTQcz1/deJ9EFRqO9BD0tI=",
        "owner": "DavHau",
        "repo": "mach-nix",
        "rev": "d223656fc0eff33f4da77d69db19752edc9a5ba5",
        "type": "github"
      },
      "original": {
        "owner": "DavHau",
        "repo": "mach-nix",
        "type": "github"
      }
    },
    "mach-nix_2": {
      "inputs": {
        "flake-utils": [
          "flake-utils"
        ],
        "nixpkgs": [
          "nixpkgs"
        ],
        "pypi-deps-db": [
          "pypi-deps-db"
        ]
      },
      "locked": {
        "lastModified": 1618982703,
        "narHash": "sha256-9dSHtu9XfK04caPx6kXvmhcnC3t+8bS65yqS6U4nQ/g=",
        "owner": "DavHau",
        "repo": "mach-nix",
        "rev": "9543999c8abb56524347a6236e7b1c5e4aaa2c1d",
        "type": "github"
      },
      "original": {
        "id": "mach-nix",
        "type": "indirect"
      }
    },
    "nixpkgs": {
      "locked": {
        "lastModified": 1629705759,
        "narHash": "sha256-M5sHgjA1OZn/c21pk64qd5kjbkBpbZuYwgaDEl9kiP8=",
        "owner": "NixOS",
        "repo": "nixpkgs",
        "rev": "5bc8b980b9178ef9a4bb622320cf34e59ea2ea10",
        "type": "github"
      },
      "original": {
        "id": "nixpkgs",
        "ref": "nixos-unstable",
        "type": "indirect"
      }
    },
    "nixpkgsPy36": {
      "locked": {
        "lastModified": 1601475821,
        "narHash": "sha256-7AI8j/xq5slauMGwC3Dp2K9TKDyDtBXBebeyWsE9euE=",
        "owner": "NixOS",
        "repo": "nixpkgs",
        "rev": "b4db68ff563895eea6aab4ff24fa04ef403dfe14",
        "type": "github"
      },
      "original": {
        "id": "nixpkgs",
        "rev": "b4db68ff563895eea6aab4ff24fa04ef403dfe14",
        "type": "indirect"
      }
    },
    "nixpkgs_2": {
      "locked": {
        "lastModified": 1618619705,
        "narHash": "sha256-+yBGazqJxjT+BR00oCNamOgiEFPHBOPkqak7MUYcpBA=",
        "owner": "NixOS",
        "repo": "nixpkgs",
        "rev": "e5cc06a1e806070693add4f231060a62b962fc44",
        "type": "github"
      },
      "original": {
        "id": "nixpkgs",
        "ref": "nixos-unstable",
        "type": "indirect"
      }
    },
    "pypi-deps-db": {
      "inputs": {
        "mach-nix": "mach-nix_2",
        "nixpkgs": "nixpkgs_2",
        "nixpkgsPy36": "nixpkgsPy36",
        "pypiIndex": "pypiIndex"
      },
      "locked": {
        "lastModified": 1629966494,
        "narHash": "sha256-cvmim2F2MP+f1YnqY85/QRg3ySXyIlDTYViNU9oS6cI=",
        "owner": "DavHau",
        "repo": "pypi-deps-db",
        "rev": "88bf60ae6deea164f7bad99ed30069ac3c911a05",
        "type": "github"
      },
      "original": {
        "owner": "DavHau",
        "repo": "pypi-deps-db",
        "type": "github"
      }
    },
    "pypiIndex": {
      "flake": false,
      "locked": {
        "lastModified": 1629953951,
        "narHash": "sha256-WgrYFqF7GEnuKs1WLxqh4tVFa0Y5N9Neq9w31ILz0KU=",
        "owner": "davhau",
        "repo": "nix-pypi-fetcher",
        "rev": "b4a7b8a5368d591274223985589e2a013f27110c",
        "type": "github"
      },
      "original": {
        "owner": "davhau",
        "repo": "nix-pypi-fetcher",
        "type": "github"
      }
    },
    "root": {
      "inputs": {
        "flake-compat": "flake-compat",
        "flake-utils": "flake-utils",
        "mach-nix": "mach-nix",
        "nixpkgs": "nixpkgs",
        "pypi-deps-db": "pypi-deps-db"
      }
    }
  },
  "root": "root",
  "version": 7
}
